
Microsoft Visual Studio Solution File, Format Version 12.00
# Visual Studio 15
VisualStudioVersion = 15.0.28010.2046
MinimumVisualStudioVersion = 10.0.40219.1
Project("{FAE04EC0-301F-11D3-BF4B-00C04F79EFBC}") = "NhibernateP2", "NhibernateP2\NhibernateP2.csproj", "{E195ED14-4C8B-4EAE-9F08-E66DFE577B62}"
EndProject
Global
	GlobalSection(SolutionConfigurationPlatforms) = preSolution
		Debug|Any CPU = Debug|Any CPU
		Release|Any CPU = Release|Any CPU
	EndGlobalSection
	GlobalSection(ProjectConfigurationPlatforms) = postSolution
		{E195ED14-4C8B-4EAE-9F08-E66DFE577B62}.Debug|Any CPU.ActiveCfg = Debug|Any CPU
		{E195ED14-4C8B-4EAE-9F08-E66DFE577B62}.Debug|Any CPU.Build.0 = Debug|Any CPU
		{E195ED14-4C8B-4EAE-9F08-E66DFE577B62}.Release|Any CPU.ActiveCfg = Release|Any CPU
		{E195ED14-4C8B-4EAE-9F08-E66DFE577B62}.Release|Any CPU.Build.0 = Release|Any CPU
	EndGlobalSection
	GlobalSection(SolutionProperties) = preSolution
		HideSolutionNode = FALSE
	EndGlobalSection
	GlobalSection(ExtensibilityGlobals) = postSolution
		SolutionGuid = {1BFD5141-80FF-4BEE-AE58-8863D2E4BF72}
	EndGlobalSection
EndGlobal
