
Microsoft Visual Studio Solution File, Format Version 12.00
# Visual Studio Version 16
VisualStudioVersion = 16.0.28531.58
MinimumVisualStudioVersion = 10.0.40219.1
Project("{FAE04EC0-301F-11D3-BF4B-00C04F79EFBC}") = "MQIntergrity", "MQIntergrity\MQIntergrity.csproj", "{E5DE6887-ED80-4A73-9B7A-7A2A4D77848B}"
EndProject
Global
	GlobalSection(SolutionConfigurationPlatforms) = preSolution
		Debug|Any CPU = Debug|Any CPU
		Release|Any CPU = Release|Any CPU
	EndGlobalSection
	GlobalSection(ProjectConfigurationPlatforms) = postSolution
		{E5DE6887-ED80-4A73-9B7A-7A2A4D77848B}.Debug|Any CPU.ActiveCfg = Debug|Any CPU
		{E5DE6887-ED80-4A73-9B7A-7A2A4D77848B}.Debug|Any CPU.Build.0 = Debug|Any CPU
		{E5DE6887-ED80-4A73-9B7A-7A2A4D77848B}.Release|Any CPU.ActiveCfg = Release|Any CPU
		{E5DE6887-ED80-4A73-9B7A-7A2A4D77848B}.Release|Any CPU.Build.0 = Release|Any CPU
	EndGlobalSection
	GlobalSection(SolutionProperties) = preSolution
		HideSolutionNode = FALSE
	EndGlobalSection
	GlobalSection(ExtensibilityGlobals) = postSolution
		SolutionGuid = {0E889051-851C-4689-8C9D-743922A204A5}
	EndGlobalSection
EndGlobal
